dependencies:
  espressif/esp_codec_dev:
    component_hash: 383e46ad732c80a475337ad566d70c896c841ca5945d5c077962cb92f948d386
    dependencies:
    - name: idf
      require: private
      version: '>=4.0'
    source:
      registry_url: https://components.espressif.com/
      type: service
    version: 1.5.2
  idf:
    source:
      type: idf
    version: 5.5.1
direct_dependencies:
- espressif/esp_codec_dev
- idf
manifest_hash: 6fa45176aa2eefb5630552bbf44b214054eafd9c79abb66b820db20a80922dde
target: esp32s3
version: 2.0.0
